
Microsoft Visual Studio Solution File, Format Version 12.00
# Visual Studio 14
VisualStudioVersion = 14.0.25420.1
MinimumVisualStudioVersion = 10.0.40219.1
Project("{FAE04EC0-301F-11D3-BF4B-00C04F79EFBC}") = "DemoBlu.Android", "DemoBlu\DemoBlu.Android\DemoBlu.Android.csproj", "{07343B20-4B71-4009-BE46-04531C90468D}"
EndProject
Project("{FAE04EC0-301F-11D3-BF4B-00C04F79EFBC}") = "DemoBlu", "DemoBlu\DemoBlu\DemoBlu.csproj", "{8EAEB35E-9B60-4E56-AE03-BF36E1B432AA}"
EndProject
Project("{FAE04EC0-301F-11D3-BF4B-00C04F79EFBC}") = "DemoBlu.iOS", "DemoBlu\DemoBlu.iOS\DemoBlu.iOS.csproj", "{CC00D5F7-8A46-4EAF-B85F-266321BF84D3}"
EndProject
Global
	GlobalSection(SolutionConfigurationPlatforms) = preSolution
		Ad-Hoc|Any CPU = Ad-Hoc|Any CPU
		Ad-Hoc|ARM = Ad-Hoc|ARM
		Ad-Hoc|iPhone = Ad-Hoc|iPhone
		Ad-Hoc|iPhoneSimulator = Ad-Hoc|iPhoneSimulator
		Ad-Hoc|x64 = Ad-Hoc|x64
		Ad-Hoc|x86 = Ad-Hoc|x86
		AppStore|Any CPU = AppStore|Any CPU
		AppStore|ARM = AppStore|ARM
		AppStore|iPhone = AppStore|iPhone
		AppStore|iPhoneSimulator = AppStore|iPhoneSimulator
		AppStore|x64 = AppStore|x64
		AppStore|x86 = AppStore|x86
		Debug|Any CPU = Debug|Any CPU
		Debug|ARM = Debug|ARM
		Debug|iPhone = Debug|iPhone
		Debug|iPhoneSimulator = Debug|iPhoneSimulator
		Debug|x64 = Debug|x64
		Debug|x86 = Debug|x86
		Release|Any CPU = Release|Any CPU
		Release|ARM = Release|ARM
		Release|iPhone = Release|iPhone
		Release|iPhoneSimulator = Release|iPhoneSimulator
		Release|x64 = Release|x64
		Release|x86 = Release|x86
	EndGlobalSection
	GlobalSection(ProjectConfigurationPlatforms) = postSolution
		{07343B20-4B71-4009-BE46-04531C90468D}.Ad-Hoc|Any CPU.ActiveCfg = Release|Any CPU
		{07343B20-4B71-4009-BE46-04531C90468D}.Ad-Hoc|Any CPU.Build.0 = Release|Any CPU
		{07343B20-4B71-4009-BE46-04531C90468D}.Ad-Hoc|Any CPU.Deploy.0 = Release|Any CPU
		{07343B20-4B71-4009-BE46-04531C90468D}.Ad-Hoc|ARM.ActiveCfg = Release|Any CPU
		{07343B20-4B71-4009-BE46-04531C90468D}.Ad-Hoc|ARM.Build.0 = Release|Any CPU
		{07343B20-4B71-4009-BE46-04531C90468D}.Ad-Hoc|ARM.Deploy.0 = Release|Any CPU
		{07343B20-4B71-4009-BE46-04531C90468D}.Ad-Hoc|iPhone.ActiveCfg = Release|Any CPU
		{07343B20-4B71-4009-BE46-04531C90468D}.Ad-Hoc|iPhone.Build.0 = Release|Any CPU
		{07343B20-4B71-4009-BE46-04531C90468D}.Ad-Hoc|iPhone.Deploy.0 = Release|Any CPU
		{07343B20-4B71-4009-BE46-04531C90468D}.Ad-Hoc|iPhoneSimulator.ActiveCfg = Release|Any CPU
		{07343B20-4B71-4009-BE46-04531C90468D}.Ad-Hoc|iPhoneSimulator.Build.0 = Release|Any CPU
		{07343B20-4B71-4009-BE46-04531C90468D}.Ad-Hoc|iPhoneSimulator.Deploy.0 = Release|Any CPU
		{07343B20-4B71-4009-BE46-04531C90468D}.Ad-Hoc|x64.ActiveCfg = Release|Any CPU
		{07343B20-4B71-4009-BE46-04531C90468D}.Ad-Hoc|x64.Build.0 = Release|Any CPU
		{07343B20-4B71-4009-BE46-04531C90468D}.Ad-Hoc|x64.Deploy.0 = Release|Any CPU
		{07343B20-4B71-4009-BE46-04531C90468D}.Ad-Hoc|x86.ActiveCfg = Release|Any CPU
		{07343B20-4B71-4009-BE46-04531C90468D}.Ad-Hoc|x86.Build.0 = Release|Any CPU
		{07343B20-4B71-4009-BE46-04531C90468D}.Ad-Hoc|x86.Deploy.0 = Release|Any CPU
		{07343B20-4B71-4009-BE46-04531C90468D}.AppStore|Any CPU.ActiveCfg = Release|Any CPU
		{07343B20-4B71-4009-BE46-04531C90468D}.AppStore|Any CPU.Build.0 = Release|Any CPU
		{07343B20-4B71-4009-BE46-04531C90468D}.AppStore|Any CPU.Deploy.0 = Release|Any CPU
		{07343B20-4B71-4009-BE46-04531C90468D}.AppStore|ARM.ActiveCfg = Release|Any CPU
		{07343B20-4B71-4009-BE46-04531C90468D}.AppStore|ARM.Build.0 = Release|Any CPU
		{07343B20-4B71-4009-BE46-04531C90468D}.AppStore|ARM.Deploy.0 = Release|Any CPU
		{07343B20-4B71-4009-BE46-04531C90468D}.AppStore|iPhone.ActiveCfg = Release|Any CPU
		{07343B20-4B71-4009-BE46-04531C90468D}.AppStore|iPhone.Build.0 = Release|Any CPU
		{07343B20-4B71-4009-BE46-04531C90468D}.AppStore|iPhone.Deploy.0 = Release|Any CPU
		{07343B20-4B71-4009-BE46-04531C90468D}.AppStore|iPhoneSimulator.ActiveCfg = Release|Any CPU
		{07343B20-4B71-4009-BE46-04531C90468D}.AppStore|iPhoneSimulator.Build.0 = Release|Any CPU
		{07343B20-4B71-4009-BE46-04531C90468D}.AppStore|iPhoneSimulator.Deploy.0 = Release|Any CPU
		{07343B20-4B71-4009-BE46-04531C90468D}.AppStore|x64.ActiveCfg = Release|Any CPU
		{07343B20-4B71-4009-BE46-04531C90468D}.AppStore|x64.Build.0 = Release|Any CPU
		{07343B20-4B71-4009-BE46-04531C90468D}.AppStore|x64.Deploy.0 = Release|Any CPU
		{07343B20-4B71-4009-BE46-04531C90468D}.AppStore|x86.ActiveCfg = Release|Any CPU
		{07343B20-4B71-4009-BE46-04531C90468D}.AppStore|x86.Build.0 = Release|Any CPU
		{07343B20-4B71-4009-BE46-04531C90468D}.AppStore|x86.Deploy.0 = Release|Any CPU
		{07343B20-4B71-4009-BE46-04531C90468D}.Debug|Any CPU.ActiveCfg = Debug|Any CPU
		{07343B20-4B71-4009-BE46-04531C90468D}.Debug|Any CPU.Build.0 = Debug|Any CPU
		{07343B20-4B71-4009-BE46-04531C90468D}.Debug|Any CPU.Deploy.0 = Debug|Any CPU
		{07343B20-4B71-4009-BE46-04531C90468D}.Debug|ARM.ActiveCfg = Debug|Any CPU
		{07343B20-4B71-4009-BE46-04531C90468D}.Debug|ARM.Build.0 = Debug|Any CPU
		{07343B20-4B71-4009-BE46-04531C90468D}.Debug|ARM.Deploy.0 = Debug|Any CPU
		{07343B20-4B71-4009-BE46-04531C90468D}.Debug|iPhone.ActiveCfg = Debug|Any CPU
		{07343B20-4B71-4009-BE46-04531C90468D}.Debug|iPhone.Build.0 = Debug|Any CPU
		{07343B20-4B71-4009-BE46-04531C90468D}.Debug|iPhone.Deploy.0 = Debug|Any CPU
		{07343B20-4B71-4009-BE46-04531C90468D}.Debug|iPhoneSimulator.ActiveCfg = Debug|Any CPU
		{07343B20-4B71-4009-BE46-04531C90468D}.Debug|iPhoneSimulator.Build.0 = Debug|Any CPU
		{07343B20-4B71-4009-BE46-04531C90468D}.Debug|iPhoneSimulator.Deploy.0 = Debug|Any CPU
		{07343B20-4B71-4009-BE46-04531C90468D}.Debug|x64.ActiveCfg = Debug|Any CPU
		{07343B20-4B71-4009-BE46-04531C90468D}.Debug|x64.Build.0 = Debug|Any CPU
		{07343B20-4B71-4009-BE46-04531C90468D}.Debug|x64.Deploy.0 = Debug|Any CPU
		{07343B20-4B71-4009-BE46-04531C90468D}.Debug|x86.ActiveCfg = Debug|Any CPU
		{07343B20-4B71-4009-BE46-04531C90468D}.Debug|x86.Build.0 = Debug|Any CPU
		{07343B20-4B71-4009-BE46-04531C90468D}.Debug|x86.Deploy.0 = Debug|Any CPU
		{07343B20-4B71-4009-BE46-04531C90468D}.Release|Any CPU.ActiveCfg = Release|Any CPU
		{07343B20-4B71-4009-BE46-04531C90468D}.Release|Any CPU.Build.0 = Release|Any CPU
		{07343B20-4B71-4009-BE46-04531C90468D}.Release|Any CPU.Deploy.0 = Release|Any CPU
		{07343B20-4B71-4009-BE46-04531C90468D}.Release|ARM.ActiveCfg = Release|Any CPU
		{07343B20-4B71-4009-BE46-04531C90468D}.Release|ARM.Build.0 = Release|Any CPU
		{07343B20-4B71-4009-BE46-04531C90468D}.Release|ARM.Deploy.0 = Release|Any CPU
		{07343B20-4B71-4009-BE46-04531C90468D}.Release|iPhone.ActiveCfg = Release|Any CPU
		{07343B20-4B71-4009-BE46-04531C90468D}.Release|iPhone.Build.0 = Release|Any CPU
		{07343B20-4B71-4009-BE46-04531C90468D}.Release|iPhone.Deploy.0 = Release|Any CPU
		{07343B20-4B71-4009-BE46-04531C90468D}.Release|iPhoneSimulator.ActiveCfg = Release|Any CPU
		{07343B20-4B71-4009-BE46-04531C90468D}.Release|iPhoneSimulator.Build.0 = Release|Any CPU
		{07343B20-4B71-4009-BE46-04531C90468D}.Release|iPhoneSimulator.Deploy.0 = Release|Any CPU
		{07343B20-4B71-4009-BE46-04531C90468D}.Release|x64.ActiveCfg = Release|Any CPU
		{07343B20-4B71-4009-BE46-04531C90468D}.Release|x64.Build.0 = Release|Any CPU
		{07343B20-4B71-4009-BE46-04531C90468D}.Release|x64.Deploy.0 = Release|Any CPU
		{07343B20-4B71-4009-BE46-04531C90468D}.Release|x86.ActiveCfg = Release|Any CPU
		{07343B20-4B71-4009-BE46-04531C90468D}.Release|x86.Build.0 = Release|Any CPU
		{07343B20-4B71-4009-BE46-04531C90468D}.Release|x86.Deploy.0 = Release|Any CPU
		{8EAEB35E-9B60-4E56-AE03-BF36E1B432AA}.Ad-Hoc|Any CPU.ActiveCfg = Release|Any CPU
		{8EAEB35E-9B60-4E56-AE03-BF36E1B432AA}.Ad-Hoc|Any CPU.Build.0 = Release|Any CPU
		{8EAEB35E-9B60-4E56-AE03-BF36E1B432AA}.Ad-Hoc|ARM.ActiveCfg = Release|Any CPU
		{8EAEB35E-9B60-4E56-AE03-BF36E1B432AA}.Ad-Hoc|ARM.Build.0 = Release|Any CPU
		{8EAEB35E-9B60-4E56-AE03-BF36E1B432AA}.Ad-Hoc|iPhone.ActiveCfg = Release|Any CPU
		{8EAEB35E-9B60-4E56-AE03-BF36E1B432AA}.Ad-Hoc|iPhone.Build.0 = Release|Any CPU
		{8EAEB35E-9B60-4E56-AE03-BF36E1B432AA}.Ad-Hoc|iPhoneSimulator.ActiveCfg = Release|Any CPU
		{8EAEB35E-9B60-4E56-AE03-BF36E1B432AA}.Ad-Hoc|iPhoneSimulator.Build.0 = Release|Any CPU
		{8EAEB35E-9B60-4E56-AE03-BF36E1B432AA}.Ad-Hoc|x64.ActiveCfg = Release|Any CPU
		{8EAEB35E-9B60-4E56-AE03-BF36E1B432AA}.Ad-Hoc|x64.Build.0 = Release|Any CPU
		{8EAEB35E-9B60-4E56-AE03-BF36E1B432AA}.Ad-Hoc|x86.ActiveCfg = Release|Any CPU
		{8EAEB35E-9B60-4E56-AE03-BF36E1B432AA}.Ad-Hoc|x86.Build.0 = Release|Any CPU
		{8EAEB35E-9B60-4E56-AE03-BF36E1B432AA}.AppStore|Any CPU.ActiveCfg = Release|Any CPU
		{8EAEB35E-9B60-4E56-AE03-BF36E1B432AA}.AppStore|Any CPU.Build.0 = Release|Any CPU
		{8EAEB35E-9B60-4E56-AE03-BF36E1B432AA}.AppStore|ARM.ActiveCfg = Release|Any CPU
		{8EAEB35E-9B60-4E56-AE03-BF36E1B432AA}.AppStore|ARM.Build.0 = Release|Any CPU
		{8EAEB35E-9B60-4E56-AE03-BF36E1B432AA}.AppStore|iPhone.ActiveCfg = Release|Any CPU
		{8EAEB35E-9B60-4E56-AE03-BF36E1B432AA}.AppStore|iPhone.Build.0 = Release|Any CPU
		{8EAEB35E-9B60-4E56-AE03-BF36E1B432AA}.AppStore|iPhoneSimulator.ActiveCfg = Release|Any CPU
		{8EAEB35E-9B60-4E56-AE03-BF36E1B432AA}.AppStore|iPhoneSimulator.Build.0 = Release|Any CPU
		{8EAEB35E-9B60-4E56-AE03-BF36E1B432AA}.AppStore|x64.ActiveCfg = Release|Any CPU
		{8EAEB35E-9B60-4E56-AE03-BF36E1B432AA}.AppStore|x64.Build.0 = Release|Any CPU
		{8EAEB35E-9B60-4E56-AE03-BF36E1B432AA}.AppStore|x86.ActiveCfg = Release|Any CPU
		{8EAEB35E-9B60-4E56-AE03-BF36E1B432AA}.AppStore|x86.Build.0 = Release|Any CPU
		{8EAEB35E-9B60-4E56-AE03-BF36E1B432AA}.Debug|Any CPU.ActiveCfg = Debug|Any CPU
		{8EAEB35E-9B60-4E56-AE03-BF36E1B432AA}.Debug|Any CPU.Build.0 = Debug|Any CPU
		{8EAEB35E-9B60-4E56-AE03-BF36E1B432AA}.Debug|ARM.ActiveCfg = Debug|Any CPU
		{8EAEB35E-9B60-4E56-AE03-BF36E1B432AA}.Debug|ARM.Build.0 = Debug|Any CPU
		{8EAEB35E-9B60-4E56-AE03-BF36E1B432AA}.Debug|iPhone.ActiveCfg = Debug|Any CPU
		{8EAEB35E-9B60-4E56-AE03-BF36E1B432AA}.Debug|iPhone.Build.0 = Debug|Any CPU
		{8EAEB35E-9B60-4E56-AE03-BF36E1B432AA}.Debug|iPhoneSimulator.ActiveCfg = Debug|Any CPU
		{8EAEB35E-9B60-4E56-AE03-BF36E1B432AA}.Debug|iPhoneSimulator.Build.0 = Debug|Any CPU
		{8EAEB35E-9B60-4E56-AE03-BF36E1B432AA}.Debug|x64.ActiveCfg = Debug|Any CPU
		{8EAEB35E-9B60-4E56-AE03-BF36E1B432AA}.Debug|x64.Build.0 = Debug|Any CPU
		{8EAEB35E-9B60-4E56-AE03-BF36E1B432AA}.Debug|x86.ActiveCfg = Debug|Any CPU
		{8EAEB35E-9B60-4E56-AE03-BF36E1B432AA}.Debug|x86.Build.0 = Debug|Any CPU
		{8EAEB35E-9B60-4E56-AE03-BF36E1B432AA}.Release|Any CPU.ActiveCfg = Release|Any CPU
		{8EAEB35E-9B60-4E56-AE03-BF36E1B432AA}.Release|Any CPU.Build.0 = Release|Any CPU
		{8EAEB35E-9B60-4E56-AE03-BF36E1B432AA}.Release|ARM.ActiveCfg = Release|Any CPU
		{8EAEB35E-9B60-4E56-AE03-BF36E1B432AA}.Release|ARM.Build.0 = Release|Any CPU
		{8EAEB35E-9B60-4E56-AE03-BF36E1B432AA}.Release|iPhone.ActiveCfg = Release|Any CPU
		{8EAEB35E-9B60-4E56-AE03-BF36E1B432AA}.Release|iPhone.Build.0 = Release|Any CPU
		{8EAEB35E-9B60-4E56-AE03-BF36E1B432AA}.Release|iPhoneSimulator.ActiveCfg = Release|Any CPU
		{8EAEB35E-9B60-4E56-AE03-BF36E1B432AA}.Release|iPhoneSimulator.Build.0 = Release|Any CPU
		{8EAEB35E-9B60-4E56-AE03-BF36E1B432AA}.Release|x64.ActiveCfg = Release|Any CPU
		{8EAEB35E-9B60-4E56-AE03-BF36E1B432AA}.Release|x64.Build.0 = Release|Any CPU
		{8EAEB35E-9B60-4E56-AE03-BF36E1B432AA}.Release|x86.ActiveCfg = Release|Any CPU
		{8EAEB35E-9B60-4E56-AE03-BF36E1B432AA}.Release|x86.Build.0 = Release|Any CPU
		{CC00D5F7-8A46-4EAF-B85F-266321BF84D3}.Ad-Hoc|Any CPU.ActiveCfg = Ad-Hoc|iPhone
		{CC00D5F7-8A46-4EAF-B85F-266321BF84D3}.Ad-Hoc|ARM.ActiveCfg = Ad-Hoc|iPhone
		{CC00D5F7-8A46-4EAF-B85F-266321BF84D3}.Ad-Hoc|iPhone.ActiveCfg = Ad-Hoc|iPhone
		{CC00D5F7-8A46-4EAF-B85F-266321BF84D3}.Ad-Hoc|iPhone.Build.0 = Ad-Hoc|iPhone
		{CC00D5F7-8A46-4EAF-B85F-266321BF84D3}.Ad-Hoc|iPhoneSimulator.ActiveCfg = Ad-Hoc|iPhoneSimulator
		{CC00D5F7-8A46-4EAF-B85F-266321BF84D3}.Ad-Hoc|iPhoneSimulator.Build.0 = Ad-Hoc|iPhoneSimulator
		{CC00D5F7-8A46-4EAF-B85F-266321BF84D3}.Ad-Hoc|x64.ActiveCfg = Ad-Hoc|iPhone
		{CC00D5F7-8A46-4EAF-B85F-266321BF84D3}.Ad-Hoc|x86.ActiveCfg = Ad-Hoc|iPhone
		{CC00D5F7-8A46-4EAF-B85F-266321BF84D3}.AppStore|Any CPU.ActiveCfg = AppStore|iPhone
		{CC00D5F7-8A46-4EAF-B85F-266321BF84D3}.AppStore|ARM.ActiveCfg = AppStore|iPhone
		{CC00D5F7-8A46-4EAF-B85F-266321BF84D3}.AppStore|iPhone.ActiveCfg = AppStore|iPhone
		{CC00D5F7-8A46-4EAF-B85F-266321BF84D3}.AppStore|iPhone.Build.0 = AppStore|iPhone
		{CC00D5F7-8A46-4EAF-B85F-266321BF84D3}.AppStore|iPhoneSimulator.ActiveCfg = AppStore|iPhoneSimulator
		{CC00D5F7-8A46-4EAF-B85F-266321BF84D3}.AppStore|iPhoneSimulator.Build.0 = AppStore|iPhoneSimulator
		{CC00D5F7-8A46-4EAF-B85F-266321BF84D3}.AppStore|x64.ActiveCfg = AppStore|iPhone
		{CC00D5F7-8A46-4EAF-B85F-266321BF84D3}.AppStore|x86.ActiveCfg = AppStore|iPhone
		{CC00D5F7-8A46-4EAF-B85F-266321BF84D3}.Debug|Any CPU.ActiveCfg = Debug|iPhone
		{CC00D5F7-8A46-4EAF-B85F-266321BF84D3}.Debug|ARM.ActiveCfg = Debug|iPhone
		{CC00D5F7-8A46-4EAF-B85F-266321BF84D3}.Debug|iPhone.ActiveCfg = Debug|iPhone
		{CC00D5F7-8A46-4EAF-B85F-266321BF84D3}.Debug|iPhone.Build.0 = Debug|iPhone
		{CC00D5F7-8A46-4EAF-B85F-266321BF84D3}.Debug|iPhoneSimulator.ActiveCfg = Debug|iPhoneSimulator
		{CC00D5F7-8A46-4EAF-B85F-266321BF84D3}.Debug|iPhoneSimulator.Build.0 = Debug|iPhoneSimulator
		{CC00D5F7-8A46-4EAF-B85F-266321BF84D3}.Debug|x64.ActiveCfg = Debug|iPhone
		{CC00D5F7-8A46-4EAF-B85F-266321BF84D3}.Debug|x86.ActiveCfg = Debug|iPhone
		{CC00D5F7-8A46-4EAF-B85F-266321BF84D3}.Release|Any CPU.ActiveCfg = Release|iPhone
		{CC00D5F7-8A46-4EAF-B85F-266321BF84D3}.Release|ARM.ActiveCfg = Release|iPhone
		{CC00D5F7-8A46-4EAF-B85F-266321BF84D3}.Release|iPhone.ActiveCfg = Release|iPhone
		{CC00D5F7-8A46-4EAF-B85F-266321BF84D3}.Release|iPhone.Build.0 = Release|iPhone
		{CC00D5F7-8A46-4EAF-B85F-266321BF84D3}.Release|iPhoneSimulator.ActiveCfg = Release|iPhoneSimulator
		{CC00D5F7-8A46-4EAF-B85F-266321BF84D3}.Release|iPhoneSimulator.Build.0 = Release|iPhoneSimulator
		{CC00D5F7-8A46-4EAF-B85F-266321BF84D3}.Release|x64.ActiveCfg = Release|iPhone
		{CC00D5F7-8A46-4EAF-B85F-266321BF84D3}.Release|x86.ActiveCfg = Release|iPhone
	EndGlobalSection
	GlobalSection(SolutionProperties) = preSolution
		HideSolutionNode = FALSE
	EndGlobalSection
EndGlobal
